
Microsoft Visual Studio Solution File, Format Version 12.00
# Visual Studio Version 16
VisualStudioVersion = 16.0.29306.81
MinimumVisualStudioVersion = 10.0.40219.1
Project("{2150E333-8FDC-42A3-9474-1A3956D46DE8}") = "Array", "Array", "{E71299BA-2D91-4DD4-BD4C-BE0AF44A8FBE}"
EndProject
Project("{9A19103F-16F7-4668-BE54-9A1E7A4F7556}") = "ArrayOfArray", "Array\ArrayOfArray\ArrayOfArray.csproj", "{FFEA9FF0-EC29-4A7A-8D9A-990D8B044603}"
EndProject
Project("{9A19103F-16F7-4668-BE54-9A1E7A4F7556}") = "TwoDimensionalArray", "Array\TwoDimensionalArray\TwoDimensionalArray.csproj", "{91DE342B-50CC-4EA6-A4A6-E562A19351D3}"
EndProject
Project("{9A19103F-16F7-4668-BE54-9A1E7A4F7556}") = "OneDimensionalArray", "Array\OneDimensionalArray\OneDimensionalArray.csproj", "{93D066FD-BF1E-4C78-BA29-6334716B4DD2}"
EndProject
Project("{2150E333-8FDC-42A3-9474-1A3956D46DE8}") = "ObjectOrientedProgramming", "ObjectOrientedProgramming", "{DF705B0B-8341-4F7B-A8C7-790679061F56}"
EndProject
Project("{2150E333-8FDC-42A3-9474-1A3956D46DE8}") = "DataTypes", "DataTypes", "{52D67450-3C8B-4257-94CC-E8154ACA3831}"
EndProject
Project("{2150E333-8FDC-42A3-9474-1A3956D46DE8}") = "Function", "Function", "{DF6A0046-CE34-4397-85D2-87D3BB09492F}"
EndProject
Project("{2150E333-8FDC-42A3-9474-1A3956D46DE8}") = "String", "String", "{866A5DEE-1C25-4F91-B03B-DFE2A1D9F27E}"
EndProject
Project("{2150E333-8FDC-42A3-9474-1A3956D46DE8}") = "Random", "Random", "{C176AD2A-C10D-47DD-AF10-9CBD69F37B33}"
EndProject
Project("{2150E333-8FDC-42A3-9474-1A3956D46DE8}") = "ConditionalStatement", "ConditionalStatement", "{50F2FB96-72BA-454D-8171-D758C7884025}"
EndProject
Project("{2150E333-8FDC-42A3-9474-1A3956D46DE8}") = "FileStream", "FileStream", "{449EA1EE-23D7-456B-93C4-F11F11BF6329}"
EndProject
Project("{2150E333-8FDC-42A3-9474-1A3956D46DE8}") = "FileIO", "FileIO", "{00E07FD3-AD58-4051-9D13-681D71277CB6}"
EndProject
Project("{2150E333-8FDC-42A3-9474-1A3956D46DE8}") = "Collection", "Collection", "{BE5B4E9A-0BF1-4692-B84D-01DBC549B8DA}"
EndProject
Project("{2150E333-8FDC-42A3-9474-1A3956D46DE8}") = "Directory", "Directory", "{51A94526-9B1F-4B37-B75C-65D116C27FE5}"
EndProject
Project("{2150E333-8FDC-42A3-9474-1A3956D46DE8}") = "ExceptionHandling", "ExceptionHandling", "{7B5A0188-20AE-4934-803F-1D11873CE5AF}"
EndProject
Project("{2150E333-8FDC-42A3-9474-1A3956D46DE8}") = "Variables", "Variables", "{B7A8114C-884E-428C-80B4-1CF5D4EF7104}"
EndProject
Project("{2150E333-8FDC-42A3-9474-1A3956D46DE8}") = "LINQ", "LINQ", "{212DDA4C-67B7-475A-989A-8C24D3A34273}"
EndProject
Project("{9A19103F-16F7-4668-BE54-9A1E7A4F7556}") = "ValueTypeVsReferenceType", "DataTypes\ValueTypeVsReferenceType\ValueTypeVsReferenceType.csproj", "{2BA0FDC2-F28B-40F9-B5B0-EECE2C71D84F}"
EndProject
Project("{9A19103F-16F7-4668-BE54-9A1E7A4F7556}") = "TypeConversion", "DataTypes\TypeConversion\TypeConversion.csproj", "{FE7DC89C-6606-4335-933A-E3FBE361D294}"
EndProject
Project("{9A19103F-16F7-4668-BE54-9A1E7A4F7556}") = "StringFormat", "String\StringFormat\StringFormat.csproj", "{69ED20EF-B4FE-4189-B193-95D0B389B31D}"
EndProject
Project("{9A19103F-16F7-4668-BE54-9A1E7A4F7556}") = "Enum", "DataTypes\Enum\Enum.csproj", "{C9C06452-4649-4A06-AE5F-EAE468386046}"
EndProject
Project("{9A19103F-16F7-4668-BE54-9A1E7A4F7556}") = "OverflowException", "ExceptionHandling\OverflowException\OverflowException.csproj", "{58B157EF-3275-478C-9397-FB96BC32F013}"
EndProject
Project("{9A19103F-16F7-4668-BE54-9A1E7A4F7556}") = "VariableInitialization", "DataTypes\VariableInitialization\VariableInitialization.csproj", "{BFB2AC40-ACEC-4980-9777-44315DD41212}"
EndProject
Project("{9A19103F-16F7-4668-BE54-9A1E7A4F7556}") = "Nullable", "DataTypes\Nullable\Nullable.csproj", "{9CAE29CB-3083-4AC3-A109-6307ABC55C33}"
EndProject
Project("{9A19103F-16F7-4668-BE54-9A1E7A4F7556}") = "ArrayClass", "Array\ArrayClass\ArrayClass.csproj", "{52799A3A-05D8-469B-B4AE-BF7451624634}"
EndProject
Project("{9A19103F-16F7-4668-BE54-9A1E7A4F7556}") = "StringClass", "String\StringClass\StringClass.csproj", "{985F6D54-D70F-4AF0-81CF-22EC0AA9C629}"
EndProject
Project("{2150E333-8FDC-42A3-9474-1A3956D46DE8}") = "Loops", "Loops", "{0C892AA2-6F4D-42D0-8BC3-8E47789BE5A2}"
EndProject
Project("{9A19103F-16F7-4668-BE54-9A1E7A4F7556}") = "ForLoop", "Loops\ForLoop\ForLoop.csproj", "{D320620D-7A60-4CFD-AFD8-A210900CCA6E}"
EndProject
Project("{9A19103F-16F7-4668-BE54-9A1E7A4F7556}") = "WhileLoop", "Loops\WhileLoop\WhileLoop.csproj", "{4502392F-935E-4BE0-83E6-3E4E044CE3D4}"
EndProject
Project("{9A19103F-16F7-4668-BE54-9A1E7A4F7556}") = "InfiniteWhileLoop", "Loops\InfiniteWhileLoop\InfiniteWhileLoop.csproj", "{DF22C208-5831-4F33-9257-B9DD54589ACC}"
EndProject
Project("{9A19103F-16F7-4668-BE54-9A1E7A4F7556}") = "DoWhileLoop", "Loops\DoWhileLoop\DoWhileLoop.csproj", "{DC6A0FD0-6F47-4D22-842B-02BBB09C4ECB}"
EndProject
Project("{9A19103F-16F7-4668-BE54-9A1E7A4F7556}") = "Property", "Class\Property\Property.csproj", "{B51AA05B-B365-4090-912E-DAEF4CDDBDB9}"
EndProject
Project("{9A19103F-16F7-4668-BE54-9A1E7A4F7556}") = "AutoProperty", "Class\AutoProperty\AutoProperty.csproj", "{B3082EBB-2AFE-4E57-B477-DA1F725373DE}"
EndProject
Project("{9A19103F-16F7-4668-BE54-9A1E7A4F7556}") = "GetterSetter", "Class\GetterSetter\GetterSetter.csproj", "{CFD73C2C-89A7-4631-BAA1-9257BEA1A674}"
EndProject
Project("{9A19103F-16F7-4668-BE54-9A1E7A4F7556}") = "Property2", "Class\Property2\Property2.csproj", "{217CD038-2777-44EA-AC4D-76FBE5FCC9E4}"
EndProject
Project("{9A19103F-16F7-4668-BE54-9A1E7A4F7556}") = "Class", "Class\Class\Class.csproj", "{AE5AD987-8288-490F-8366-3D569D287DA9}"
EndProject
Project("{9A19103F-16F7-4668-BE54-9A1E7A4F7556}") = "PartialClass", "Class\PartialClass\PartialClass.csproj", "{62843FE0-E555-46DA-8476-D6674FABFC1D}"
EndProject
Project("{9A19103F-16F7-4668-BE54-9A1E7A4F7556}") = "StaticClass", "Class\StaticClass\StaticClass.csproj", "{7B59297C-2FA4-4DDC-8589-0FE4727AD7EE}"
EndProject
Project("{9A19103F-16F7-4668-BE54-9A1E7A4F7556}") = "StaticVariable", "Class\StaticVariable\StaticVariable.csproj", "{1C3DBB91-D242-4BE6-8B9A-70BA04885C5B}"
EndProject
Project("{9A19103F-16F7-4668-BE54-9A1E7A4F7556}") = "StaticMethod", "Class\StaticMethod\StaticMethod.csproj", "{BF36CBA1-85E4-4A54-9266-64F0DB02694A}"
EndProject
Project("{9A19103F-16F7-4668-BE54-9A1E7A4F7556}") = "ExtensionMethod", "Class\ExtensionMethod\ExtensionMethod.csproj", "{5DBDCE49-D62B-4FEB-9B9E-CF5EFA07AE2E}"
EndProject
Project("{9A19103F-16F7-4668-BE54-9A1E7A4F7556}") = "GroupSeparator", "String\GroupSeparator\GroupSeparator.csproj", "{C46CED4F-6C30-4F09-B55D-F119D3DFC3EF}"
EndProject
Project("{9A19103F-16F7-4668-BE54-9A1E7A4F7556}") = "StringVsStringBuilder", "String\StringAndStringBuilder\StringVsStringBuilder.csproj", "{637A5534-B696-48F0-A190-8FEE35F9525B}"
EndProject
Project("{9A19103F-16F7-4668-BE54-9A1E7A4F7556}") = "ConstVsReadonly", "DataTypes\ConstVsReadonly\ConstVsReadonly.csproj", "{4A350E3F-822D-4184-B96D-86A58267CC14}"
EndProject
Project("{9A19103F-16F7-4668-BE54-9A1E7A4F7556}") = "ClassVsStruct", "Class\ClassVsStruct\ClassVsStruct.csproj", "{9818B2A2-DAF1-4049-9544-82FB9015F44D}"
EndProject
Project("{9A19103F-16F7-4668-BE54-9A1E7A4F7556}") = "Struct", "Class\Struct\Struct.csproj", "{AA49F3A2-BB4C-4E34-9F3B-D0DB6462ED3C}"
EndProject
Project("{9A19103F-16F7-4668-BE54-9A1E7A4F7556}") = "PrimitiveTypesToBinary", "DataTypes\PrimitiveTypesToBinary\PrimitiveTypesToBinary.csproj", "{07BA3D2F-CB15-419F-ABD0-860835424870}"
EndProject
Project("{2150E333-8FDC-42A3-9474-1A3956D46DE8}") = "Operator", "Operator", "{A6722020-26BA-4F98-9451-A7C8D76A054D}"
EndProject
Project("{9A19103F-16F7-4668-BE54-9A1E7A4F7556}") = "IncrementAndDecrementOperators", "Operator\IncrementAndDecrementOperators\IncrementAndDecrementOperators.csproj", "{336537AC-97D5-4926-B398-71AD1A53BABC}"
EndProject
Project("{9A19103F-16F7-4668-BE54-9A1E7A4F7556}") = "CaculatorUsingEnum", "DataTypes\CaculatorUsingEnum\CaculatorUsingEnum.csproj", "{2FC5DF0D-8295-4B10-B7E3-2A70FC9B894F}"
EndProject
Project("{9A19103F-16F7-4668-BE54-9A1E7A4F7556}") = "RandomShuffling", "Random\RandomShuffling\RandomShuffling.csproj", "{7D63854B-D457-45A7-913B-3A876DF0D14F}"
EndProject
Project("{2150E333-8FDC-42A3-9474-1A3956D46DE8}") = "Date", "Date", "{6203C90F-D51D-4F38-B7AE-9EED996418A7}"
EndProject
Project("{FAE04EC0-301F-11D3-BF4B-00C04F79EFBC}") = "Datetime", "Date\ConsoleApp1\Datetime.csproj", "{49005A0F-4E72-446E-BFB3-3B757A06868E}"
EndProject
Global
	GlobalSection(SolutionConfigurationPlatforms) = preSolution
		Debug|Any CPU = Debug|Any CPU
		Debug|x64 = Debug|x64
		Debug|x86 = Debug|x86
		Release|Any CPU = Release|Any CPU
		Release|x64 = Release|x64
		Release|x86 = Release|x86
	EndGlobalSection
	GlobalSection(ProjectConfigurationPlatforms) = postSolution
		{FFEA9FF0-EC29-4A7A-8D9A-990D8B044603}.Debug|Any CPU.ActiveCfg = Debug|Any CPU
		{FFEA9FF0-EC29-4A7A-8D9A-990D8B044603}.Debug|Any CPU.Build.0 = Debug|Any CPU
		{FFEA9FF0-EC29-4A7A-8D9A-990D8B044603}.Debug|x64.ActiveCfg = Debug|Any CPU
		{FFEA9FF0-EC29-4A7A-8D9A-990D8B044603}.Debug|x64.Build.0 = Debug|Any CPU
		{FFEA9FF0-EC29-4A7A-8D9A-990D8B044603}.Debug|x86.ActiveCfg = Debug|Any CPU
		{FFEA9FF0-EC29-4A7A-8D9A-990D8B044603}.Debug|x86.Build.0 = Debug|Any CPU
		{FFEA9FF0-EC29-4A7A-8D9A-990D8B044603}.Release|Any CPU.ActiveCfg = Release|Any CPU
		{FFEA9FF0-EC29-4A7A-8D9A-990D8B044603}.Release|Any CPU.Build.0 = Release|Any CPU
		{FFEA9FF0-EC29-4A7A-8D9A-990D8B044603}.Release|x64.ActiveCfg = Release|Any CPU
		{FFEA9FF0-EC29-4A7A-8D9A-990D8B044603}.Release|x64.Build.0 = Release|Any CPU
		{FFEA9FF0-EC29-4A7A-8D9A-990D8B044603}.Release|x86.ActiveCfg = Release|Any CPU
		{FFEA9FF0-EC29-4A7A-8D9A-990D8B044603}.Release|x86.Build.0 = Release|Any CPU
		{91DE342B-50CC-4EA6-A4A6-E562A19351D3}.Debug|Any CPU.ActiveCfg = Debug|Any CPU
		{91DE342B-50CC-4EA6-A4A6-E562A19351D3}.Debug|Any CPU.Build.0 = Debug|Any CPU
		{91DE342B-50CC-4EA6-A4A6-E562A19351D3}.Debug|x64.ActiveCfg = Debug|Any CPU
		{91DE342B-50CC-4EA6-A4A6-E562A19351D3}.Debug|x64.Build.0 = Debug|Any CPU
		{91DE342B-50CC-4EA6-A4A6-E562A19351D3}.Debug|x86.ActiveCfg = Debug|Any CPU
		{91DE342B-50CC-4EA6-A4A6-E562A19351D3}.Debug|x86.Build.0 = Debug|Any CPU
		{91DE342B-50CC-4EA6-A4A6-E562A19351D3}.Release|Any CPU.ActiveCfg = Release|Any CPU
		{91DE342B-50CC-4EA6-A4A6-E562A19351D3}.Release|Any CPU.Build.0 = Release|Any CPU
		{91DE342B-50CC-4EA6-A4A6-E562A19351D3}.Release|x64.ActiveCfg = Release|Any CPU
		{91DE342B-50CC-4EA6-A4A6-E562A19351D3}.Release|x64.Build.0 = Release|Any CPU
		{91DE342B-50CC-4EA6-A4A6-E562A19351D3}.Release|x86.ActiveCfg = Release|Any CPU
		{91DE342B-50CC-4EA6-A4A6-E562A19351D3}.Release|x86.Build.0 = Release|Any CPU
		{93D066FD-BF1E-4C78-BA29-6334716B4DD2}.Debug|Any CPU.ActiveCfg = Debug|Any CPU
		{93D066FD-BF1E-4C78-BA29-6334716B4DD2}.Debug|Any CPU.Build.0 = Debug|Any CPU
		{93D066FD-BF1E-4C78-BA29-6334716B4DD2}.Debug|x64.ActiveCfg = Debug|Any CPU
		{93D066FD-BF1E-4C78-BA29-6334716B4DD2}.Debug|x64.Build.0 = Debug|Any CPU
		{93D066FD-BF1E-4C78-BA29-6334716B4DD2}.Debug|x86.ActiveCfg = Debug|Any CPU
		{93D066FD-BF1E-4C78-BA29-6334716B4DD2}.Debug|x86.Build.0 = Debug|Any CPU
		{93D066FD-BF1E-4C78-BA29-6334716B4DD2}.Release|Any CPU.ActiveCfg = Release|Any CPU
		{93D066FD-BF1E-4C78-BA29-6334716B4DD2}.Release|Any CPU.Build.0 = Release|Any CPU
		{93D066FD-BF1E-4C78-BA29-6334716B4DD2}.Release|x64.ActiveCfg = Release|Any CPU
		{93D066FD-BF1E-4C78-BA29-6334716B4DD2}.Release|x64.Build.0 = Release|Any CPU
		{93D066FD-BF1E-4C78-BA29-6334716B4DD2}.Release|x86.ActiveCfg = Release|Any CPU
		{93D066FD-BF1E-4C78-BA29-6334716B4DD2}.Release|x86.Build.0 = Release|Any CPU
		{2BA0FDC2-F28B-40F9-B5B0-EECE2C71D84F}.Debug|Any CPU.ActiveCfg = Debug|Any CPU
		{2BA0FDC2-F28B-40F9-B5B0-EECE2C71D84F}.Debug|Any CPU.Build.0 = Debug|Any CPU
		{2BA0FDC2-F28B-40F9-B5B0-EECE2C71D84F}.Debug|x64.ActiveCfg = Debug|Any CPU
		{2BA0FDC2-F28B-40F9-B5B0-EECE2C71D84F}.Debug|x64.Build.0 = Debug|Any CPU
		{2BA0FDC2-F28B-40F9-B5B0-EECE2C71D84F}.Debug|x86.ActiveCfg = Debug|Any CPU
		{2BA0FDC2-F28B-40F9-B5B0-EECE2C71D84F}.Debug|x86.Build.0 = Debug|Any CPU
		{2BA0FDC2-F28B-40F9-B5B0-EECE2C71D84F}.Release|Any CPU.ActiveCfg = Release|Any CPU
		{2BA0FDC2-F28B-40F9-B5B0-EECE2C71D84F}.Release|Any CPU.Build.0 = Release|Any CPU
		{2BA0FDC2-F28B-40F9-B5B0-EECE2C71D84F}.Release|x64.ActiveCfg = Release|Any CPU
		{2BA0FDC2-F28B-40F9-B5B0-EECE2C71D84F}.Release|x64.Build.0 = Release|Any CPU
		{2BA0FDC2-F28B-40F9-B5B0-EECE2C71D84F}.Release|x86.ActiveCfg = Release|Any CPU
		{2BA0FDC2-F28B-40F9-B5B0-EECE2C71D84F}.Release|x86.Build.0 = Release|Any CPU
		{FE7DC89C-6606-4335-933A-E3FBE361D294}.Debug|Any CPU.ActiveCfg = Debug|Any CPU
		{FE7DC89C-6606-4335-933A-E3FBE361D294}.Debug|Any CPU.Build.0 = Debug|Any CPU
		{FE7DC89C-6606-4335-933A-E3FBE361D294}.Debug|x64.ActiveCfg = Debug|Any CPU
		{FE7DC89C-6606-4335-933A-E3FBE361D294}.Debug|x64.Build.0 = Debug|Any CPU
		{FE7DC89C-6606-4335-933A-E3FBE361D294}.Debug|x86.ActiveCfg = Debug|Any CPU
		{FE7DC89C-6606-4335-933A-E3FBE361D294}.Debug|x86.Build.0 = Debug|Any CPU
		{FE7DC89C-6606-4335-933A-E3FBE361D294}.Release|Any CPU.ActiveCfg = Release|Any CPU
		{FE7DC89C-6606-4335-933A-E3FBE361D294}.Release|Any CPU.Build.0 = Release|Any CPU
		{FE7DC89C-6606-4335-933A-E3FBE361D294}.Release|x64.ActiveCfg = Release|Any CPU
		{FE7DC89C-6606-4335-933A-E3FBE361D294}.Release|x64.Build.0 = Release|Any CPU
		{FE7DC89C-6606-4335-933A-E3FBE361D294}.Release|x86.ActiveCfg = Release|Any CPU
		{FE7DC89C-6606-4335-933A-E3FBE361D294}.Release|x86.Build.0 = Release|Any CPU
		{69ED20EF-B4FE-4189-B193-95D0B389B31D}.Debug|Any CPU.ActiveCfg = Debug|Any CPU
		{69ED20EF-B4FE-4189-B193-95D0B389B31D}.Debug|Any CPU.Build.0 = Debug|Any CPU
		{69ED20EF-B4FE-4189-B193-95D0B389B31D}.Debug|x64.ActiveCfg = Debug|Any CPU
		{69ED20EF-B4FE-4189-B193-95D0B389B31D}.Debug|x64.Build.0 = Debug|Any CPU
		{69ED20EF-B4FE-4189-B193-95D0B389B31D}.Debug|x86.ActiveCfg = Debug|Any CPU
		{69ED20EF-B4FE-4189-B193-95D0B389B31D}.Debug|x86.Build.0 = Debug|Any CPU
		{69ED20EF-B4FE-4189-B193-95D0B389B31D}.Release|Any CPU.ActiveCfg = Release|Any CPU
		{69ED20EF-B4FE-4189-B193-95D0B389B31D}.Release|Any CPU.Build.0 = Release|Any CPU
		{69ED20EF-B4FE-4189-B193-95D0B389B31D}.Release|x64.ActiveCfg = Release|Any CPU
		{69ED20EF-B4FE-4189-B193-95D0B389B31D}.Release|x64.Build.0 = Release|Any CPU
		{69ED20EF-B4FE-4189-B193-95D0B389B31D}.Release|x86.ActiveCfg = Release|Any CPU
		{69ED20EF-B4FE-4189-B193-95D0B389B31D}.Release|x86.Build.0 = Release|Any CPU
		{C9C06452-4649-4A06-AE5F-EAE468386046}.Debug|Any CPU.ActiveCfg = Debug|Any CPU
		{C9C06452-4649-4A06-AE5F-EAE468386046}.Debug|Any CPU.Build.0 = Debug|Any CPU
		{C9C06452-4649-4A06-AE5F-EAE468386046}.Debug|x64.ActiveCfg = Debug|Any CPU
		{C9C06452-4649-4A06-AE5F-EAE468386046}.Debug|x64.Build.0 = Debug|Any CPU
		{C9C06452-4649-4A06-AE5F-EAE468386046}.Debug|x86.ActiveCfg = Debug|Any CPU
		{C9C06452-4649-4A06-AE5F-EAE468386046}.Debug|x86.Build.0 = Debug|Any CPU
		{C9C06452-4649-4A06-AE5F-EAE468386046}.Release|Any CPU.ActiveCfg = Release|Any CPU
		{C9C06452-4649-4A06-AE5F-EAE468386046}.Release|Any CPU.Build.0 = Release|Any CPU
		{C9C06452-4649-4A06-AE5F-EAE468386046}.Release|x64.ActiveCfg = Release|Any CPU
		{C9C06452-4649-4A06-AE5F-EAE468386046}.Release|x64.Build.0 = Release|Any CPU
		{C9C06452-4649-4A06-AE5F-EAE468386046}.Release|x86.ActiveCfg = Release|Any CPU
		{C9C06452-4649-4A06-AE5F-EAE468386046}.Release|x86.Build.0 = Release|Any CPU
		{58B157EF-3275-478C-9397-FB96BC32F013}.Debug|Any CPU.ActiveCfg = Debug|Any CPU
		{58B157EF-3275-478C-9397-FB96BC32F013}.Debug|Any CPU.Build.0 = Debug|Any CPU
		{58B157EF-3275-478C-9397-FB96BC32F013}.Debug|x64.ActiveCfg = Debug|Any CPU
		{58B157EF-3275-478C-9397-FB96BC32F013}.Debug|x64.Build.0 = Debug|Any CPU
		{58B157EF-3275-478C-9397-FB96BC32F013}.Debug|x86.ActiveCfg = Debug|Any CPU
		{58B157EF-3275-478C-9397-FB96BC32F013}.Debug|x86.Build.0 = Debug|Any CPU
		{58B157EF-3275-478C-9397-FB96BC32F013}.Release|Any CPU.ActiveCfg = Release|Any CPU
		{58B157EF-3275-478C-9397-FB96BC32F013}.Release|Any CPU.Build.0 = Release|Any CPU
		{58B157EF-3275-478C-9397-FB96BC32F013}.Release|x64.ActiveCfg = Release|Any CPU
		{58B157EF-3275-478C-9397-FB96BC32F013}.Release|x64.Build.0 = Release|Any CPU
		{58B157EF-3275-478C-9397-FB96BC32F013}.Release|x86.ActiveCfg = Release|Any CPU
		{58B157EF-3275-478C-9397-FB96BC32F013}.Release|x86.Build.0 = Release|Any CPU
		{BFB2AC40-ACEC-4980-9777-44315DD41212}.Debug|Any CPU.ActiveCfg = Debug|Any CPU
		{BFB2AC40-ACEC-4980-9777-44315DD41212}.Debug|Any CPU.Build.0 = Debug|Any CPU
		{BFB2AC40-ACEC-4980-9777-44315DD41212}.Debug|x64.ActiveCfg = Debug|Any CPU
		{BFB2AC40-ACEC-4980-9777-44315DD41212}.Debug|x64.Build.0 = Debug|Any CPU
		{BFB2AC40-ACEC-4980-9777-44315DD41212}.Debug|x86.ActiveCfg = Debug|Any CPU
		{BFB2AC40-ACEC-4980-9777-44315DD41212}.Debug|x86.Build.0 = Debug|Any CPU
		{BFB2AC40-ACEC-4980-9777-44315DD41212}.Release|Any CPU.ActiveCfg = Release|Any CPU
		{BFB2AC40-ACEC-4980-9777-44315DD41212}.Release|Any CPU.Build.0 = Release|Any CPU
		{BFB2AC40-ACEC-4980-9777-44315DD41212}.Release|x64.ActiveCfg = Release|Any CPU
		{BFB2AC40-ACEC-4980-9777-44315DD41212}.Release|x64.Build.0 = Release|Any CPU
		{BFB2AC40-ACEC-4980-9777-44315DD41212}.Release|x86.ActiveCfg = Release|Any CPU
		{BFB2AC40-ACEC-4980-9777-44315DD41212}.Release|x86.Build.0 = Release|Any CPU
		{9CAE29CB-3083-4AC3-A109-6307ABC55C33}.Debug|Any CPU.ActiveCfg = Debug|Any CPU
		{9CAE29CB-3083-4AC3-A109-6307ABC55C33}.Debug|Any CPU.Build.0 = Debug|Any CPU
		{9CAE29CB-3083-4AC3-A109-6307ABC55C33}.Debug|x64.ActiveCfg = Debug|Any CPU
		{9CAE29CB-3083-4AC3-A109-6307ABC55C33}.Debug|x64.Build.0 = Debug|Any CPU
		{9CAE29CB-3083-4AC3-A109-6307ABC55C33}.Debug|x86.ActiveCfg = Debug|Any CPU
		{9CAE29CB-3083-4AC3-A109-6307ABC55C33}.Debug|x86.Build.0 = Debug|Any CPU
		{9CAE29CB-3083-4AC3-A109-6307ABC55C33}.Release|Any CPU.ActiveCfg = Release|Any CPU
		{9CAE29CB-3083-4AC3-A109-6307ABC55C33}.Release|Any CPU.Build.0 = Release|Any CPU
		{9CAE29CB-3083-4AC3-A109-6307ABC55C33}.Release|x64.ActiveCfg = Release|Any CPU
		{9CAE29CB-3083-4AC3-A109-6307ABC55C33}.Release|x64.Build.0 = Release|Any CPU
		{9CAE29CB-3083-4AC3-A109-6307ABC55C33}.Release|x86.ActiveCfg = Release|Any CPU
		{9CAE29CB-3083-4AC3-A109-6307ABC55C33}.Release|x86.Build.0 = Release|Any CPU
		{52799A3A-05D8-469B-B4AE-BF7451624634}.Debug|Any CPU.ActiveCfg = Debug|Any CPU
		{52799A3A-05D8-469B-B4AE-BF7451624634}.Debug|Any CPU.Build.0 = Debug|Any CPU
		{52799A3A-05D8-469B-B4AE-BF7451624634}.Debug|x64.ActiveCfg = Debug|Any CPU
		{52799A3A-05D8-469B-B4AE-BF7451624634}.Debug|x64.Build.0 = Debug|Any CPU
		{52799A3A-05D8-469B-B4AE-BF7451624634}.Debug|x86.ActiveCfg = Debug|Any CPU
		{52799A3A-05D8-469B-B4AE-BF7451624634}.Debug|x86.Build.0 = Debug|Any CPU
		{52799A3A-05D8-469B-B4AE-BF7451624634}.Release|Any CPU.ActiveCfg = Release|Any CPU
		{52799A3A-05D8-469B-B4AE-BF7451624634}.Release|Any CPU.Build.0 = Release|Any CPU
		{52799A3A-05D8-469B-B4AE-BF7451624634}.Release|x64.ActiveCfg = Release|Any CPU
		{52799A3A-05D8-469B-B4AE-BF7451624634}.Release|x64.Build.0 = Release|Any CPU
		{52799A3A-05D8-469B-B4AE-BF7451624634}.Release|x86.ActiveCfg = Release|Any CPU
		{52799A3A-05D8-469B-B4AE-BF7451624634}.Release|x86.Build.0 = Release|Any CPU
		{985F6D54-D70F-4AF0-81CF-22EC0AA9C629}.Debug|Any CPU.ActiveCfg = Debug|Any CPU
		{985F6D54-D70F-4AF0-81CF-22EC0AA9C629}.Debug|Any CPU.Build.0 = Debug|Any CPU
		{985F6D54-D70F-4AF0-81CF-22EC0AA9C629}.Debug|x64.ActiveCfg = Debug|Any CPU
		{985F6D54-D70F-4AF0-81CF-22EC0AA9C629}.Debug|x64.Build.0 = Debug|Any CPU
		{985F6D54-D70F-4AF0-81CF-22EC0AA9C629}.Debug|x86.ActiveCfg = Debug|Any CPU
		{985F6D54-D70F-4AF0-81CF-22EC0AA9C629}.Debug|x86.Build.0 = Debug|Any CPU
		{985F6D54-D70F-4AF0-81CF-22EC0AA9C629}.Release|Any CPU.ActiveCfg = Release|Any CPU
		{985F6D54-D70F-4AF0-81CF-22EC0AA9C629}.Release|Any CPU.Build.0 = Release|Any CPU
		{985F6D54-D70F-4AF0-81CF-22EC0AA9C629}.Release|x64.ActiveCfg = Release|Any CPU
		{985F6D54-D70F-4AF0-81CF-22EC0AA9C629}.Release|x64.Build.0 = Release|Any CPU
		{985F6D54-D70F-4AF0-81CF-22EC0AA9C629}.Release|x86.ActiveCfg = Release|Any CPU
		{985F6D54-D70F-4AF0-81CF-22EC0AA9C629}.Release|x86.Build.0 = Release|Any CPU
		{D320620D-7A60-4CFD-AFD8-A210900CCA6E}.Debug|Any CPU.ActiveCfg = Debug|Any CPU
		{D320620D-7A60-4CFD-AFD8-A210900CCA6E}.Debug|Any CPU.Build.0 = Debug|Any CPU
		{D320620D-7A60-4CFD-AFD8-A210900CCA6E}.Debug|x64.ActiveCfg = Debug|Any CPU
		{D320620D-7A60-4CFD-AFD8-A210900CCA6E}.Debug|x64.Build.0 = Debug|Any CPU
		{D320620D-7A60-4CFD-AFD8-A210900CCA6E}.Debug|x86.ActiveCfg = Debug|Any CPU
		{D320620D-7A60-4CFD-AFD8-A210900CCA6E}.Debug|x86.Build.0 = Debug|Any CPU
		{D320620D-7A60-4CFD-AFD8-A210900CCA6E}.Release|Any CPU.ActiveCfg = Release|Any CPU
		{D320620D-7A60-4CFD-AFD8-A210900CCA6E}.Release|Any CPU.Build.0 = Release|Any CPU
		{D320620D-7A60-4CFD-AFD8-A210900CCA6E}.Release|x64.ActiveCfg = Release|Any CPU
		{D320620D-7A60-4CFD-AFD8-A210900CCA6E}.Release|x64.Build.0 = Release|Any CPU
		{D320620D-7A60-4CFD-AFD8-A210900CCA6E}.Release|x86.ActiveCfg = Release|Any CPU
		{D320620D-7A60-4CFD-AFD8-A210900CCA6E}.Release|x86.Build.0 = Release|Any CPU
		{4502392F-935E-4BE0-83E6-3E4E044CE3D4}.Debug|Any CPU.ActiveCfg = Debug|Any CPU
		{4502392F-935E-4BE0-83E6-3E4E044CE3D4}.Debug|Any CPU.Build.0 = Debug|Any CPU
		{4502392F-935E-4BE0-83E6-3E4E044CE3D4}.Debug|x64.ActiveCfg = Debug|Any CPU
		{4502392F-935E-4BE0-83E6-3E4E044CE3D4}.Debug|x64.Build.0 = Debug|Any CPU
		{4502392F-935E-4BE0-83E6-3E4E044CE3D4}.Debug|x86.ActiveCfg = Debug|Any CPU
		{4502392F-935E-4BE0-83E6-3E4E044CE3D4}.Debug|x86.Build.0 = Debug|Any CPU
		{4502392F-935E-4BE0-83E6-3E4E044CE3D4}.Release|Any CPU.ActiveCfg = Release|Any CPU
		{4502392F-935E-4BE0-83E6-3E4E044CE3D4}.Release|Any CPU.Build.0 = Release|Any CPU
		{4502392F-935E-4BE0-83E6-3E4E044CE3D4}.Release|x64.ActiveCfg = Release|Any CPU
		{4502392F-935E-4BE0-83E6-3E4E044CE3D4}.Release|x64.Build.0 = Release|Any CPU
		{4502392F-935E-4BE0-83E6-3E4E044CE3D4}.Release|x86.ActiveCfg = Release|Any CPU
		{4502392F-935E-4BE0-83E6-3E4E044CE3D4}.Release|x86.Build.0 = Release|Any CPU
		{DF22C208-5831-4F33-9257-B9DD54589ACC}.Debug|Any CPU.ActiveCfg = Debug|Any CPU
		{DF22C208-5831-4F33-9257-B9DD54589ACC}.Debug|Any CPU.Build.0 = Debug|Any CPU
		{DF22C208-5831-4F33-9257-B9DD54589ACC}.Debug|x64.ActiveCfg = Debug|Any CPU
		{DF22C208-5831-4F33-9257-B9DD54589ACC}.Debug|x64.Build.0 = Debug|Any CPU
		{DF22C208-5831-4F33-9257-B9DD54589ACC}.Debug|x86.ActiveCfg = Debug|Any CPU
		{DF22C208-5831-4F33-9257-B9DD54589ACC}.Debug|x86.Build.0 = Debug|Any CPU
		{DF22C208-5831-4F33-9257-B9DD54589ACC}.Release|Any CPU.ActiveCfg = Release|Any CPU
		{DF22C208-5831-4F33-9257-B9DD54589ACC}.Release|Any CPU.Build.0 = Release|Any CPU
		{DF22C208-5831-4F33-9257-B9DD54589ACC}.Release|x64.ActiveCfg = Release|Any CPU
		{DF22C208-5831-4F33-9257-B9DD54589ACC}.Release|x64.Build.0 = Release|Any CPU
		{DF22C208-5831-4F33-9257-B9DD54589ACC}.Release|x86.ActiveCfg = Release|Any CPU
		{DF22C208-5831-4F33-9257-B9DD54589ACC}.Release|x86.Build.0 = Release|Any CPU
		{DC6A0FD0-6F47-4D22-842B-02BBB09C4ECB}.Debug|Any CPU.ActiveCfg = Debug|Any CPU
		{DC6A0FD0-6F47-4D22-842B-02BBB09C4ECB}.Debug|Any CPU.Build.0 = Debug|Any CPU
		{DC6A0FD0-6F47-4D22-842B-02BBB09C4ECB}.Debug|x64.ActiveCfg = Debug|Any CPU
		{DC6A0FD0-6F47-4D22-842B-02BBB09C4ECB}.Debug|x64.Build.0 = Debug|Any CPU
		{DC6A0FD0-6F47-4D22-842B-02BBB09C4ECB}.Debug|x86.ActiveCfg = Debug|Any CPU
		{DC6A0FD0-6F47-4D22-842B-02BBB09C4ECB}.Debug|x86.Build.0 = Debug|Any CPU
		{DC6A0FD0-6F47-4D22-842B-02BBB09C4ECB}.Release|Any CPU.ActiveCfg = Release|Any CPU
		{DC6A0FD0-6F47-4D22-842B-02BBB09C4ECB}.Release|Any CPU.Build.0 = Release|Any CPU
		{DC6A0FD0-6F47-4D22-842B-02BBB09C4ECB}.Release|x64.ActiveCfg = Release|Any CPU
		{DC6A0FD0-6F47-4D22-842B-02BBB09C4ECB}.Release|x64.Build.0 = Release|Any CPU
		{DC6A0FD0-6F47-4D22-842B-02BBB09C4ECB}.Release|x86.ActiveCfg = Release|Any CPU
		{DC6A0FD0-6F47-4D22-842B-02BBB09C4ECB}.Release|x86.Build.0 = Release|Any CPU
		{B51AA05B-B365-4090-912E-DAEF4CDDBDB9}.Debug|Any CPU.ActiveCfg = Debug|Any CPU
		{B51AA05B-B365-4090-912E-DAEF4CDDBDB9}.Debug|Any CPU.Build.0 = Debug|Any CPU
		{B51AA05B-B365-4090-912E-DAEF4CDDBDB9}.Debug|x64.ActiveCfg = Debug|Any CPU
		{B51AA05B-B365-4090-912E-DAEF4CDDBDB9}.Debug|x64.Build.0 = Debug|Any CPU
		{B51AA05B-B365-4090-912E-DAEF4CDDBDB9}.Debug|x86.ActiveCfg = Debug|Any CPU
		{B51AA05B-B365-4090-912E-DAEF4CDDBDB9}.Debug|x86.Build.0 = Debug|Any CPU
		{B51AA05B-B365-4090-912E-DAEF4CDDBDB9}.Release|Any CPU.ActiveCfg = Release|Any CPU
		{B51AA05B-B365-4090-912E-DAEF4CDDBDB9}.Release|Any CPU.Build.0 = Release|Any CPU
		{B51AA05B-B365-4090-912E-DAEF4CDDBDB9}.Release|x64.ActiveCfg = Release|Any CPU
		{B51AA05B-B365-4090-912E-DAEF4CDDBDB9}.Release|x64.Build.0 = Release|Any CPU
		{B51AA05B-B365-4090-912E-DAEF4CDDBDB9}.Release|x86.ActiveCfg = Release|Any CPU
		{B51AA05B-B365-4090-912E-DAEF4CDDBDB9}.Release|x86.Build.0 = Release|Any CPU
		{B3082EBB-2AFE-4E57-B477-DA1F725373DE}.Debug|Any CPU.ActiveCfg = Debug|Any CPU
		{B3082EBB-2AFE-4E57-B477-DA1F725373DE}.Debug|Any CPU.Build.0 = Debug|Any CPU
		{B3082EBB-2AFE-4E57-B477-DA1F725373DE}.Debug|x64.ActiveCfg = Debug|Any CPU
		{B3082EBB-2AFE-4E57-B477-DA1F725373DE}.Debug|x64.Build.0 = Debug|Any CPU
		{B3082EBB-2AFE-4E57-B477-DA1F725373DE}.Debug|x86.ActiveCfg = Debug|Any CPU
		{B3082EBB-2AFE-4E57-B477-DA1F725373DE}.Debug|x86.Build.0 = Debug|Any CPU
		{B3082EBB-2AFE-4E57-B477-DA1F725373DE}.Release|Any CPU.ActiveCfg = Release|Any CPU
		{B3082EBB-2AFE-4E57-B477-DA1F725373DE}.Release|Any CPU.Build.0 = Release|Any CPU
		{B3082EBB-2AFE-4E57-B477-DA1F725373DE}.Release|x64.ActiveCfg = Release|Any CPU
		{B3082EBB-2AFE-4E57-B477-DA1F725373DE}.Release|x64.Build.0 = Release|Any CPU
		{B3082EBB-2AFE-4E57-B477-DA1F725373DE}.Release|x86.ActiveCfg = Release|Any CPU
		{B3082EBB-2AFE-4E57-B477-DA1F725373DE}.Release|x86.Build.0 = Release|Any CPU
		{CFD73C2C-89A7-4631-BAA1-9257BEA1A674}.Debug|Any CPU.ActiveCfg = Debug|Any CPU
		{CFD73C2C-89A7-4631-BAA1-9257BEA1A674}.Debug|Any CPU.Build.0 = Debug|Any CPU
		{CFD73C2C-89A7-4631-BAA1-9257BEA1A674}.Debug|x64.ActiveCfg = Debug|Any CPU
		{CFD73C2C-89A7-4631-BAA1-9257BEA1A674}.Debug|x64.Build.0 = Debug|Any CPU
		{CFD73C2C-89A7-4631-BAA1-9257BEA1A674}.Debug|x86.ActiveCfg = Debug|Any CPU
		{CFD73C2C-89A7-4631-BAA1-9257BEA1A674}.Debug|x86.Build.0 = Debug|Any CPU
		{CFD73C2C-89A7-4631-BAA1-9257BEA1A674}.Release|Any CPU.ActiveCfg = Release|Any CPU
		{CFD73C2C-89A7-4631-BAA1-9257BEA1A674}.Release|Any CPU.Build.0 = Release|Any CPU
		{CFD73C2C-89A7-4631-BAA1-9257BEA1A674}.Release|x64.ActiveCfg = Release|Any CPU
		{CFD73C2C-89A7-4631-BAA1-9257BEA1A674}.Release|x64.Build.0 = Release|Any CPU
		{CFD73C2C-89A7-4631-BAA1-9257BEA1A674}.Release|x86.ActiveCfg = Release|Any CPU
		{CFD73C2C-89A7-4631-BAA1-9257BEA1A674}.Release|x86.Build.0 = Release|Any CPU
		{217CD038-2777-44EA-AC4D-76FBE5FCC9E4}.Debug|Any CPU.ActiveCfg = Debug|Any CPU
		{217CD038-2777-44EA-AC4D-76FBE5FCC9E4}.Debug|Any CPU.Build.0 = Debug|Any CPU
		{217CD038-2777-44EA-AC4D-76FBE5FCC9E4}.Debug|x64.ActiveCfg = Debug|Any CPU
		{217CD038-2777-44EA-AC4D-76FBE5FCC9E4}.Debug|x64.Build.0 = Debug|Any CPU
		{217CD038-2777-44EA-AC4D-76FBE5FCC9E4}.Debug|x86.ActiveCfg = Debug|Any CPU
		{217CD038-2777-44EA-AC4D-76FBE5FCC9E4}.Debug|x86.Build.0 = Debug|Any CPU
		{217CD038-2777-44EA-AC4D-76FBE5FCC9E4}.Release|Any CPU.ActiveCfg = Release|Any CPU
		{217CD038-2777-44EA-AC4D-76FBE5FCC9E4}.Release|Any CPU.Build.0 = Release|Any CPU
		{217CD038-2777-44EA-AC4D-76FBE5FCC9E4}.Release|x64.ActiveCfg = Release|Any CPU
		{217CD038-2777-44EA-AC4D-76FBE5FCC9E4}.Release|x64.Build.0 = Release|Any CPU
		{217CD038-2777-44EA-AC4D-76FBE5FCC9E4}.Release|x86.ActiveCfg = Release|Any CPU
		{217CD038-2777-44EA-AC4D-76FBE5FCC9E4}.Release|x86.Build.0 = Release|Any CPU
		{AE5AD987-8288-490F-8366-3D569D287DA9}.Debug|Any CPU.ActiveCfg = Debug|Any CPU
		{AE5AD987-8288-490F-8366-3D569D287DA9}.Debug|Any CPU.Build.0 = Debug|Any CPU
		{AE5AD987-8288-490F-8366-3D569D287DA9}.Debug|x64.ActiveCfg = Debug|Any CPU
		{AE5AD987-8288-490F-8366-3D569D287DA9}.Debug|x64.Build.0 = Debug|Any CPU
		{AE5AD987-8288-490F-8366-3D569D287DA9}.Debug|x86.ActiveCfg = Debug|Any CPU
		{AE5AD987-8288-490F-8366-3D569D287DA9}.Debug|x86.Build.0 = Debug|Any CPU
		{AE5AD987-8288-490F-8366-3D569D287DA9}.Release|Any CPU.ActiveCfg = Release|Any CPU
		{AE5AD987-8288-490F-8366-3D569D287DA9}.Release|Any CPU.Build.0 = Release|Any CPU
		{AE5AD987-8288-490F-8366-3D569D287DA9}.Release|x64.ActiveCfg = Release|Any CPU
		{AE5AD987-8288-490F-8366-3D569D287DA9}.Release|x64.Build.0 = Release|Any CPU
		{AE5AD987-8288-490F-8366-3D569D287DA9}.Release|x86.ActiveCfg = Release|Any CPU
		{AE5AD987-8288-490F-8366-3D569D287DA9}.Release|x86.Build.0 = Release|Any CPU
		{62843FE0-E555-46DA-8476-D6674FABFC1D}.Debug|Any CPU.ActiveCfg = Debug|Any CPU
		{62843FE0-E555-46DA-8476-D6674FABFC1D}.Debug|Any CPU.Build.0 = Debug|Any CPU
		{62843FE0-E555-46DA-8476-D6674FABFC1D}.Debug|x64.ActiveCfg = Debug|Any CPU
		{62843FE0-E555-46DA-8476-D6674FABFC1D}.Debug|x64.Build.0 = Debug|Any CPU
		{62843FE0-E555-46DA-8476-D6674FABFC1D}.Debug|x86.ActiveCfg = Debug|Any CPU
		{62843FE0-E555-46DA-8476-D6674FABFC1D}.Debug|x86.Build.0 = Debug|Any CPU
		{62843FE0-E555-46DA-8476-D6674FABFC1D}.Release|Any CPU.ActiveCfg = Release|Any CPU
		{62843FE0-E555-46DA-8476-D6674FABFC1D}.Release|Any CPU.Build.0 = Release|Any CPU
		{62843FE0-E555-46DA-8476-D6674FABFC1D}.Release|x64.ActiveCfg = Release|Any CPU
		{62843FE0-E555-46DA-8476-D6674FABFC1D}.Release|x64.Build.0 = Release|Any CPU
		{62843FE0-E555-46DA-8476-D6674FABFC1D}.Release|x86.ActiveCfg = Release|Any CPU
		{62843FE0-E555-46DA-8476-D6674FABFC1D}.Release|x86.Build.0 = Release|Any CPU
		{7B59297C-2FA4-4DDC-8589-0FE4727AD7EE}.Debug|Any CPU.ActiveCfg = Debug|Any CPU
		{7B59297C-2FA4-4DDC-8589-0FE4727AD7EE}.Debug|Any CPU.Build.0 = Debug|Any CPU
		{7B59297C-2FA4-4DDC-8589-0FE4727AD7EE}.Debug|x64.ActiveCfg = Debug|Any CPU
		{7B59297C-2FA4-4DDC-8589-0FE4727AD7EE}.Debug|x64.Build.0 = Debug|Any CPU
		{7B59297C-2FA4-4DDC-8589-0FE4727AD7EE}.Debug|x86.ActiveCfg = Debug|Any CPU
		{7B59297C-2FA4-4DDC-8589-0FE4727AD7EE}.Debug|x86.Build.0 = Debug|Any CPU
		{7B59297C-2FA4-4DDC-8589-0FE4727AD7EE}.Release|Any CPU.ActiveCfg = Release|Any CPU
		{7B59297C-2FA4-4DDC-8589-0FE4727AD7EE}.Release|Any CPU.Build.0 = Release|Any CPU
		{7B59297C-2FA4-4DDC-8589-0FE4727AD7EE}.Release|x64.ActiveCfg = Release|Any CPU
		{7B59297C-2FA4-4DDC-8589-0FE4727AD7EE}.Release|x64.Build.0 = Release|Any CPU
		{7B59297C-2FA4-4DDC-8589-0FE4727AD7EE}.Release|x86.ActiveCfg = Release|Any CPU
		{7B59297C-2FA4-4DDC-8589-0FE4727AD7EE}.Release|x86.Build.0 = Release|Any CPU
		{1C3DBB91-D242-4BE6-8B9A-70BA04885C5B}.Debug|Any CPU.ActiveCfg = Debug|Any CPU
		{1C3DBB91-D242-4BE6-8B9A-70BA04885C5B}.Debug|Any CPU.Build.0 = Debug|Any CPU
		{1C3DBB91-D242-4BE6-8B9A-70BA04885C5B}.Debug|x64.ActiveCfg = Debug|Any CPU
		{1C3DBB91-D242-4BE6-8B9A-70BA04885C5B}.Debug|x64.Build.0 = Debug|Any CPU
		{1C3DBB91-D242-4BE6-8B9A-70BA04885C5B}.Debug|x86.ActiveCfg = Debug|Any CPU
		{1C3DBB91-D242-4BE6-8B9A-70BA04885C5B}.Debug|x86.Build.0 = Debug|Any CPU
		{1C3DBB91-D242-4BE6-8B9A-70BA04885C5B}.Release|Any CPU.ActiveCfg = Release|Any CPU
		{1C3DBB91-D242-4BE6-8B9A-70BA04885C5B}.Release|Any CPU.Build.0 = Release|Any CPU
		{1C3DBB91-D242-4BE6-8B9A-70BA04885C5B}.Release|x64.ActiveCfg = Release|Any CPU
		{1C3DBB91-D242-4BE6-8B9A-70BA04885C5B}.Release|x64.Build.0 = Release|Any CPU
		{1C3DBB91-D242-4BE6-8B9A-70BA04885C5B}.Release|x86.ActiveCfg = Release|Any CPU
		{1C3DBB91-D242-4BE6-8B9A-70BA04885C5B}.Release|x86.Build.0 = Release|Any CPU
		{BF36CBA1-85E4-4A54-9266-64F0DB02694A}.Debug|Any CPU.ActiveCfg = Debug|Any CPU
		{BF36CBA1-85E4-4A54-9266-64F0DB02694A}.Debug|Any CPU.Build.0 = Debug|Any CPU
		{BF36CBA1-85E4-4A54-9266-64F0DB02694A}.Debug|x64.ActiveCfg = Debug|Any CPU
		{BF36CBA1-85E4-4A54-9266-64F0DB02694A}.Debug|x64.Build.0 = Debug|Any CPU
		{BF36CBA1-85E4-4A54-9266-64F0DB02694A}.Debug|x86.ActiveCfg = Debug|Any CPU
		{BF36CBA1-85E4-4A54-9266-64F0DB02694A}.Debug|x86.Build.0 = Debug|Any CPU
		{BF36CBA1-85E4-4A54-9266-64F0DB02694A}.Release|Any CPU.ActiveCfg = Release|Any CPU
		{BF36CBA1-85E4-4A54-9266-64F0DB02694A}.Release|Any CPU.Build.0 = Release|Any CPU
		{BF36CBA1-85E4-4A54-9266-64F0DB02694A}.Release|x64.ActiveCfg = Release|Any CPU
		{BF36CBA1-85E4-4A54-9266-64F0DB02694A}.Release|x64.Build.0 = Release|Any CPU
		{BF36CBA1-85E4-4A54-9266-64F0DB02694A}.Release|x86.ActiveCfg = Release|Any CPU
		{BF36CBA1-85E4-4A54-9266-64F0DB02694A}.Release|x86.Build.0 = Release|Any CPU
		{5DBDCE49-D62B-4FEB-9B9E-CF5EFA07AE2E}.Debug|Any CPU.ActiveCfg = Debug|Any CPU
		{5DBDCE49-D62B-4FEB-9B9E-CF5EFA07AE2E}.Debug|Any CPU.Build.0 = Debug|Any CPU
		{5DBDCE49-D62B-4FEB-9B9E-CF5EFA07AE2E}.Debug|x64.ActiveCfg = Debug|Any CPU
		{5DBDCE49-D62B-4FEB-9B9E-CF5EFA07AE2E}.Debug|x64.Build.0 = Debug|Any CPU
		{5DBDCE49-D62B-4FEB-9B9E-CF5EFA07AE2E}.Debug|x86.ActiveCfg = Debug|Any CPU
		{5DBDCE49-D62B-4FEB-9B9E-CF5EFA07AE2E}.Debug|x86.Build.0 = Debug|Any CPU
		{5DBDCE49-D62B-4FEB-9B9E-CF5EFA07AE2E}.Release|Any CPU.ActiveCfg = Release|Any CPU
		{5DBDCE49-D62B-4FEB-9B9E-CF5EFA07AE2E}.Release|Any CPU.Build.0 = Release|Any CPU
		{5DBDCE49-D62B-4FEB-9B9E-CF5EFA07AE2E}.Release|x64.ActiveCfg = Release|Any CPU
		{5DBDCE49-D62B-4FEB-9B9E-CF5EFA07AE2E}.Release|x64.Build.0 = Release|Any CPU
		{5DBDCE49-D62B-4FEB-9B9E-CF5EFA07AE2E}.Release|x86.ActiveCfg = Release|Any CPU
		{5DBDCE49-D62B-4FEB-9B9E-CF5EFA07AE2E}.Release|x86.Build.0 = Release|Any CPU
		{C46CED4F-6C30-4F09-B55D-F119D3DFC3EF}.Debug|Any CPU.ActiveCfg = Debug|Any CPU
		{C46CED4F-6C30-4F09-B55D-F119D3DFC3EF}.Debug|Any CPU.Build.0 = Debug|Any CPU
		{C46CED4F-6C30-4F09-B55D-F119D3DFC3EF}.Debug|x64.ActiveCfg = Debug|Any CPU
		{C46CED4F-6C30-4F09-B55D-F119D3DFC3EF}.Debug|x64.Build.0 = Debug|Any CPU
		{C46CED4F-6C30-4F09-B55D-F119D3DFC3EF}.Debug|x86.ActiveCfg = Debug|Any CPU
		{C46CED4F-6C30-4F09-B55D-F119D3DFC3EF}.Debug|x86.Build.0 = Debug|Any CPU
		{C46CED4F-6C30-4F09-B55D-F119D3DFC3EF}.Release|Any CPU.ActiveCfg = Release|Any CPU
		{C46CED4F-6C30-4F09-B55D-F119D3DFC3EF}.Release|Any CPU.Build.0 = Release|Any CPU
		{C46CED4F-6C30-4F09-B55D-F119D3DFC3EF}.Release|x64.ActiveCfg = Release|Any CPU
		{C46CED4F-6C30-4F09-B55D-F119D3DFC3EF}.Release|x64.Build.0 = Release|Any CPU
		{C46CED4F-6C30-4F09-B55D-F119D3DFC3EF}.Release|x86.ActiveCfg = Release|Any CPU
		{C46CED4F-6C30-4F09-B55D-F119D3DFC3EF}.Release|x86.Build.0 = Release|Any CPU
		{637A5534-B696-48F0-A190-8FEE35F9525B}.Debug|Any CPU.ActiveCfg = Debug|Any CPU
		{637A5534-B696-48F0-A190-8FEE35F9525B}.Debug|Any CPU.Build.0 = Debug|Any CPU
		{637A5534-B696-48F0-A190-8FEE35F9525B}.Debug|x64.ActiveCfg = Debug|Any CPU
		{637A5534-B696-48F0-A190-8FEE35F9525B}.Debug|x64.Build.0 = Debug|Any CPU
		{637A5534-B696-48F0-A190-8FEE35F9525B}.Debug|x86.ActiveCfg = Debug|Any CPU
		{637A5534-B696-48F0-A190-8FEE35F9525B}.Debug|x86.Build.0 = Debug|Any CPU
		{637A5534-B696-48F0-A190-8FEE35F9525B}.Release|Any CPU.ActiveCfg = Release|Any CPU
		{637A5534-B696-48F0-A190-8FEE35F9525B}.Release|Any CPU.Build.0 = Release|Any CPU
		{637A5534-B696-48F0-A190-8FEE35F9525B}.Release|x64.ActiveCfg = Release|Any CPU
		{637A5534-B696-48F0-A190-8FEE35F9525B}.Release|x64.Build.0 = Release|Any CPU
		{637A5534-B696-48F0-A190-8FEE35F9525B}.Release|x86.ActiveCfg = Release|Any CPU
		{637A5534-B696-48F0-A190-8FEE35F9525B}.Release|x86.Build.0 = Release|Any CPU
		{4A350E3F-822D-4184-B96D-86A58267CC14}.Debug|Any CPU.ActiveCfg = Debug|Any CPU
		{4A350E3F-822D-4184-B96D-86A58267CC14}.Debug|Any CPU.Build.0 = Debug|Any CPU
		{4A350E3F-822D-4184-B96D-86A58267CC14}.Debug|x64.ActiveCfg = Debug|Any CPU
		{4A350E3F-822D-4184-B96D-86A58267CC14}.Debug|x64.Build.0 = Debug|Any CPU
		{4A350E3F-822D-4184-B96D-86A58267CC14}.Debug|x86.ActiveCfg = Debug|Any CPU
		{4A350E3F-822D-4184-B96D-86A58267CC14}.Debug|x86.Build.0 = Debug|Any CPU
		{4A350E3F-822D-4184-B96D-86A58267CC14}.Release|Any CPU.ActiveCfg = Release|Any CPU
		{4A350E3F-822D-4184-B96D-86A58267CC14}.Release|Any CPU.Build.0 = Release|Any CPU
		{4A350E3F-822D-4184-B96D-86A58267CC14}.Release|x64.ActiveCfg = Release|Any CPU
		{4A350E3F-822D-4184-B96D-86A58267CC14}.Release|x64.Build.0 = Release|Any CPU
		{4A350E3F-822D-4184-B96D-86A58267CC14}.Release|x86.ActiveCfg = Release|Any CPU
		{4A350E3F-822D-4184-B96D-86A58267CC14}.Release|x86.Build.0 = Release|Any CPU
		{9818B2A2-DAF1-4049-9544-82FB9015F44D}.Debug|Any CPU.ActiveCfg = Debug|Any CPU
		{9818B2A2-DAF1-4049-9544-82FB9015F44D}.Debug|Any CPU.Build.0 = Debug|Any CPU
		{9818B2A2-DAF1-4049-9544-82FB9015F44D}.Debug|x64.ActiveCfg = Debug|Any CPU
		{9818B2A2-DAF1-4049-9544-82FB9015F44D}.Debug|x64.Build.0 = Debug|Any CPU
		{9818B2A2-DAF1-4049-9544-82FB9015F44D}.Debug|x86.ActiveCfg = Debug|Any CPU
		{9818B2A2-DAF1-4049-9544-82FB9015F44D}.Debug|x86.Build.0 = Debug|Any CPU
		{9818B2A2-DAF1-4049-9544-82FB9015F44D}.Release|Any CPU.ActiveCfg = Release|Any CPU
		{9818B2A2-DAF1-4049-9544-82FB9015F44D}.Release|Any CPU.Build.0 = Release|Any CPU
		{9818B2A2-DAF1-4049-9544-82FB9015F44D}.Release|x64.ActiveCfg = Release|Any CPU
		{9818B2A2-DAF1-4049-9544-82FB9015F44D}.Release|x64.Build.0 = Release|Any CPU
		{9818B2A2-DAF1-4049-9544-82FB9015F44D}.Release|x86.ActiveCfg = Release|Any CPU
		{9818B2A2-DAF1-4049-9544-82FB9015F44D}.Release|x86.Build.0 = Release|Any CPU
		{AA49F3A2-BB4C-4E34-9F3B-D0DB6462ED3C}.Debug|Any CPU.ActiveCfg = Debug|Any CPU
		{AA49F3A2-BB4C-4E34-9F3B-D0DB6462ED3C}.Debug|Any CPU.Build.0 = Debug|Any CPU
		{AA49F3A2-BB4C-4E34-9F3B-D0DB6462ED3C}.Debug|x64.ActiveCfg = Debug|Any CPU
		{AA49F3A2-BB4C-4E34-9F3B-D0DB6462ED3C}.Debug|x64.Build.0 = Debug|Any CPU
		{AA49F3A2-BB4C-4E34-9F3B-D0DB6462ED3C}.Debug|x86.ActiveCfg = Debug|Any CPU
		{AA49F3A2-BB4C-4E34-9F3B-D0DB6462ED3C}.Debug|x86.Build.0 = Debug|Any CPU
		{AA49F3A2-BB4C-4E34-9F3B-D0DB6462ED3C}.Release|Any CPU.ActiveCfg = Release|Any CPU
		{AA49F3A2-BB4C-4E34-9F3B-D0DB6462ED3C}.Release|Any CPU.Build.0 = Release|Any CPU
		{AA49F3A2-BB4C-4E34-9F3B-D0DB6462ED3C}.Release|x64.ActiveCfg = Release|Any CPU
		{AA49F3A2-BB4C-4E34-9F3B-D0DB6462ED3C}.Release|x64.Build.0 = Release|Any CPU
		{AA49F3A2-BB4C-4E34-9F3B-D0DB6462ED3C}.Release|x86.ActiveCfg = Release|Any CPU
		{AA49F3A2-BB4C-4E34-9F3B-D0DB6462ED3C}.Release|x86.Build.0 = Release|Any CPU
		{07BA3D2F-CB15-419F-ABD0-860835424870}.Debug|Any CPU.ActiveCfg = Debug|Any CPU
		{07BA3D2F-CB15-419F-ABD0-860835424870}.Debug|Any CPU.Build.0 = Debug|Any CPU
		{07BA3D2F-CB15-419F-ABD0-860835424870}.Debug|x64.ActiveCfg = Debug|Any CPU
		{07BA3D2F-CB15-419F-ABD0-860835424870}.Debug|x64.Build.0 = Debug|Any CPU
		{07BA3D2F-CB15-419F-ABD0-860835424870}.Debug|x86.ActiveCfg = Debug|Any CPU
		{07BA3D2F-CB15-419F-ABD0-860835424870}.Debug|x86.Build.0 = Debug|Any CPU
		{07BA3D2F-CB15-419F-ABD0-860835424870}.Release|Any CPU.ActiveCfg = Release|Any CPU
		{07BA3D2F-CB15-419F-ABD0-860835424870}.Release|Any CPU.Build.0 = Release|Any CPU
		{07BA3D2F-CB15-419F-ABD0-860835424870}.Release|x64.ActiveCfg = Release|Any CPU
		{07BA3D2F-CB15-419F-ABD0-860835424870}.Release|x64.Build.0 = Release|Any CPU
		{07BA3D2F-CB15-419F-ABD0-860835424870}.Release|x86.ActiveCfg = Release|Any CPU
		{07BA3D2F-CB15-419F-ABD0-860835424870}.Release|x86.Build.0 = Release|Any CPU
		{336537AC-97D5-4926-B398-71AD1A53BABC}.Debug|Any CPU.ActiveCfg = Debug|Any CPU
		{336537AC-97D5-4926-B398-71AD1A53BABC}.Debug|Any CPU.Build.0 = Debug|Any CPU
		{336537AC-97D5-4926-B398-71AD1A53BABC}.Debug|x64.ActiveCfg = Debug|Any CPU
		{336537AC-97D5-4926-B398-71AD1A53BABC}.Debug|x64.Build.0 = Debug|Any CPU
		{336537AC-97D5-4926-B398-71AD1A53BABC}.Debug|x86.ActiveCfg = Debug|Any CPU
		{336537AC-97D5-4926-B398-71AD1A53BABC}.Debug|x86.Build.0 = Debug|Any CPU
		{336537AC-97D5-4926-B398-71AD1A53BABC}.Release|Any CPU.ActiveCfg = Release|Any CPU
		{336537AC-97D5-4926-B398-71AD1A53BABC}.Release|Any CPU.Build.0 = Release|Any CPU
		{336537AC-97D5-4926-B398-71AD1A53BABC}.Release|x64.ActiveCfg = Release|Any CPU
		{336537AC-97D5-4926-B398-71AD1A53BABC}.Release|x64.Build.0 = Release|Any CPU
		{336537AC-97D5-4926-B398-71AD1A53BABC}.Release|x86.ActiveCfg = Release|Any CPU
		{336537AC-97D5-4926-B398-71AD1A53BABC}.Release|x86.Build.0 = Release|Any CPU
		{2FC5DF0D-8295-4B10-B7E3-2A70FC9B894F}.Debug|Any CPU.ActiveCfg = Debug|Any CPU
		{2FC5DF0D-8295-4B10-B7E3-2A70FC9B894F}.Debug|Any CPU.Build.0 = Debug|Any CPU
		{2FC5DF0D-8295-4B10-B7E3-2A70FC9B894F}.Debug|x64.ActiveCfg = Debug|Any CPU
		{2FC5DF0D-8295-4B10-B7E3-2A70FC9B894F}.Debug|x64.Build.0 = Debug|Any CPU
		{2FC5DF0D-8295-4B10-B7E3-2A70FC9B894F}.Debug|x86.ActiveCfg = Debug|Any CPU
		{2FC5DF0D-8295-4B10-B7E3-2A70FC9B894F}.Debug|x86.Build.0 = Debug|Any CPU
		{2FC5DF0D-8295-4B10-B7E3-2A70FC9B894F}.Release|Any CPU.ActiveCfg = Release|Any CPU
		{2FC5DF0D-8295-4B10-B7E3-2A70FC9B894F}.Release|Any CPU.Build.0 = Release|Any CPU
		{2FC5DF0D-8295-4B10-B7E3-2A70FC9B894F}.Release|x64.ActiveCfg = Release|Any CPU
		{2FC5DF0D-8295-4B10-B7E3-2A70FC9B894F}.Release|x64.Build.0 = Release|Any CPU
		{2FC5DF0D-8295-4B10-B7E3-2A70FC9B894F}.Release|x86.ActiveCfg = Release|Any CPU
		{2FC5DF0D-8295-4B10-B7E3-2A70FC9B894F}.Release|x86.Build.0 = Release|Any CPU
		{7D63854B-D457-45A7-913B-3A876DF0D14F}.Debug|Any CPU.ActiveCfg = Debug|Any CPU
		{7D63854B-D457-45A7-913B-3A876DF0D14F}.Debug|Any CPU.Build.0 = Debug|Any CPU
		{7D63854B-D457-45A7-913B-3A876DF0D14F}.Debug|x64.ActiveCfg = Debug|Any CPU
		{7D63854B-D457-45A7-913B-3A876DF0D14F}.Debug|x64.Build.0 = Debug|Any CPU
		{7D63854B-D457-45A7-913B-3A876DF0D14F}.Debug|x86.ActiveCfg = Debug|Any CPU
		{7D63854B-D457-45A7-913B-3A876DF0D14F}.Debug|x86.Build.0 = Debug|Any CPU
		{7D63854B-D457-45A7-913B-3A876DF0D14F}.Release|Any CPU.ActiveCfg = Release|Any CPU
		{7D63854B-D457-45A7-913B-3A876DF0D14F}.Release|Any CPU.Build.0 = Release|Any CPU
		{7D63854B-D457-45A7-913B-3A876DF0D14F}.Release|x64.ActiveCfg = Release|Any CPU
		{7D63854B-D457-45A7-913B-3A876DF0D14F}.Release|x64.Build.0 = Release|Any CPU
		{7D63854B-D457-45A7-913B-3A876DF0D14F}.Release|x86.ActiveCfg = Release|Any CPU
		{7D63854B-D457-45A7-913B-3A876DF0D14F}.Release|x86.Build.0 = Release|Any CPU
		{49005A0F-4E72-446E-BFB3-3B757A06868E}.Debug|Any CPU.ActiveCfg = Debug|Any CPU
		{49005A0F-4E72-446E-BFB3-3B757A06868E}.Debug|Any CPU.Build.0 = Debug|Any CPU
		{49005A0F-4E72-446E-BFB3-3B757A06868E}.Debug|x64.ActiveCfg = Debug|Any CPU
		{49005A0F-4E72-446E-BFB3-3B757A06868E}.Debug|x64.Build.0 = Debug|Any CPU
		{49005A0F-4E72-446E-BFB3-3B757A06868E}.Debug|x86.ActiveCfg = Debug|Any CPU
		{49005A0F-4E72-446E-BFB3-3B757A06868E}.Debug|x86.Build.0 = Debug|Any CPU
		{49005A0F-4E72-446E-BFB3-3B757A06868E}.Release|Any CPU.ActiveCfg = Release|Any CPU
		{49005A0F-4E72-446E-BFB3-3B757A06868E}.Release|Any CPU.Build.0 = Release|Any CPU
		{49005A0F-4E72-446E-BFB3-3B757A06868E}.Release|x64.ActiveCfg = Release|Any CPU
		{49005A0F-4E72-446E-BFB3-3B757A06868E}.Release|x64.Build.0 = Release|Any CPU
		{49005A0F-4E72-446E-BFB3-3B757A06868E}.Release|x86.ActiveCfg = Release|Any CPU
		{49005A0F-4E72-446E-BFB3-3B757A06868E}.Release|x86.Build.0 = Release|Any CPU
	EndGlobalSection
	GlobalSection(SolutionProperties) = preSolution
		HideSolutionNode = FALSE
	EndGlobalSection
	GlobalSection(NestedProjects) = preSolution
		{FFEA9FF0-EC29-4A7A-8D9A-990D8B044603} = {E71299BA-2D91-4DD4-BD4C-BE0AF44A8FBE}
		{91DE342B-50CC-4EA6-A4A6-E562A19351D3} = {E71299BA-2D91-4DD4-BD4C-BE0AF44A8FBE}
		{93D066FD-BF1E-4C78-BA29-6334716B4DD2} = {E71299BA-2D91-4DD4-BD4C-BE0AF44A8FBE}
		{2BA0FDC2-F28B-40F9-B5B0-EECE2C71D84F} = {52D67450-3C8B-4257-94CC-E8154ACA3831}
		{FE7DC89C-6606-4335-933A-E3FBE361D294} = {52D67450-3C8B-4257-94CC-E8154ACA3831}
		{69ED20EF-B4FE-4189-B193-95D0B389B31D} = {866A5DEE-1C25-4F91-B03B-DFE2A1D9F27E}
		{C9C06452-4649-4A06-AE5F-EAE468386046} = {52D67450-3C8B-4257-94CC-E8154ACA3831}
		{58B157EF-3275-478C-9397-FB96BC32F013} = {7B5A0188-20AE-4934-803F-1D11873CE5AF}
		{BFB2AC40-ACEC-4980-9777-44315DD41212} = {52D67450-3C8B-4257-94CC-E8154ACA3831}
		{9CAE29CB-3083-4AC3-A109-6307ABC55C33} = {52D67450-3C8B-4257-94CC-E8154ACA3831}
		{52799A3A-05D8-469B-B4AE-BF7451624634} = {E71299BA-2D91-4DD4-BD4C-BE0AF44A8FBE}
		{985F6D54-D70F-4AF0-81CF-22EC0AA9C629} = {866A5DEE-1C25-4F91-B03B-DFE2A1D9F27E}
		{D320620D-7A60-4CFD-AFD8-A210900CCA6E} = {0C892AA2-6F4D-42D0-8BC3-8E47789BE5A2}
		{4502392F-935E-4BE0-83E6-3E4E044CE3D4} = {0C892AA2-6F4D-42D0-8BC3-8E47789BE5A2}
		{DF22C208-5831-4F33-9257-B9DD54589ACC} = {0C892AA2-6F4D-42D0-8BC3-8E47789BE5A2}
		{DC6A0FD0-6F47-4D22-842B-02BBB09C4ECB} = {0C892AA2-6F4D-42D0-8BC3-8E47789BE5A2}
		{B51AA05B-B365-4090-912E-DAEF4CDDBDB9} = {DF705B0B-8341-4F7B-A8C7-790679061F56}
		{B3082EBB-2AFE-4E57-B477-DA1F725373DE} = {DF705B0B-8341-4F7B-A8C7-790679061F56}
		{CFD73C2C-89A7-4631-BAA1-9257BEA1A674} = {DF705B0B-8341-4F7B-A8C7-790679061F56}
		{217CD038-2777-44EA-AC4D-76FBE5FCC9E4} = {DF705B0B-8341-4F7B-A8C7-790679061F56}
		{AE5AD987-8288-490F-8366-3D569D287DA9} = {DF705B0B-8341-4F7B-A8C7-790679061F56}
		{62843FE0-E555-46DA-8476-D6674FABFC1D} = {DF705B0B-8341-4F7B-A8C7-790679061F56}
		{7B59297C-2FA4-4DDC-8589-0FE4727AD7EE} = {DF705B0B-8341-4F7B-A8C7-790679061F56}
		{1C3DBB91-D242-4BE6-8B9A-70BA04885C5B} = {DF705B0B-8341-4F7B-A8C7-790679061F56}
		{BF36CBA1-85E4-4A54-9266-64F0DB02694A} = {DF705B0B-8341-4F7B-A8C7-790679061F56}
		{5DBDCE49-D62B-4FEB-9B9E-CF5EFA07AE2E} = {DF705B0B-8341-4F7B-A8C7-790679061F56}
		{C46CED4F-6C30-4F09-B55D-F119D3DFC3EF} = {866A5DEE-1C25-4F91-B03B-DFE2A1D9F27E}
		{637A5534-B696-48F0-A190-8FEE35F9525B} = {866A5DEE-1C25-4F91-B03B-DFE2A1D9F27E}
		{4A350E3F-822D-4184-B96D-86A58267CC14} = {52D67450-3C8B-4257-94CC-E8154ACA3831}
		{9818B2A2-DAF1-4049-9544-82FB9015F44D} = {DF705B0B-8341-4F7B-A8C7-790679061F56}
		{AA49F3A2-BB4C-4E34-9F3B-D0DB6462ED3C} = {DF705B0B-8341-4F7B-A8C7-790679061F56}
		{07BA3D2F-CB15-419F-ABD0-860835424870} = {52D67450-3C8B-4257-94CC-E8154ACA3831}
		{336537AC-97D5-4926-B398-71AD1A53BABC} = {A6722020-26BA-4F98-9451-A7C8D76A054D}
		{2FC5DF0D-8295-4B10-B7E3-2A70FC9B894F} = {52D67450-3C8B-4257-94CC-E8154ACA3831}
		{7D63854B-D457-45A7-913B-3A876DF0D14F} = {C176AD2A-C10D-47DD-AF10-9CBD69F37B33}
		{49005A0F-4E72-446E-BFB3-3B757A06868E} = {6203C90F-D51D-4F38-B7AE-9EED996418A7}
	EndGlobalSection
	GlobalSection(ExtensibilityGlobals) = postSolution
		SolutionGuid = {D2C620A7-DF11-43F8-96FD-20153FAAA77D}
	EndGlobalSection
EndGlobal
